
Microsoft Visual Studio Solution File, Format Version 12.00
# Visual Studio Version 16
VisualStudioVersion = 16.0.30907.101
MinimumVisualStudioVersion = 10.0.40219.1
Project("{FAE04EC0-301F-11D3-BF4B-00C04F79EFBC}") = "T24_API_NET_Core_3", "T24_API_NET_Core_3\T24_API_NET_Core_3.csproj", "{2971BAD1-2F52-4375-A22E-9BD9DB6FBED1}"
EndProject
Global
	GlobalSection(SolutionConfigurationPlatforms) = preSolution
		Debug|Any CPU = Debug|Any CPU
		Release|Any CPU = Release|Any CPU
	EndGlobalSection
	GlobalSection(ProjectConfigurationPlatforms) = postSolution
		{2971BAD1-2F52-4375-A22E-9BD9DB6FBED1}.Debug|Any CPU.ActiveCfg = Debug|Any CPU
		{2971BAD1-2F52-4375-A22E-9BD9DB6FBED1}.Debug|Any CPU.Build.0 = Debug|Any CPU
		{2971BAD1-2F52-4375-A22E-9BD9DB6FBED1}.Release|Any CPU.ActiveCfg = Release|Any CPU
		{2971BAD1-2F52-4375-A22E-9BD9DB6FBED1}.Release|Any CPU.Build.0 = Release|Any CPU
	EndGlobalSection
	GlobalSection(SolutionProperties) = preSolution
		HideSolutionNode = FALSE
	EndGlobalSection
	GlobalSection(ExtensibilityGlobals) = postSolution
		SolutionGuid = {5229BA92-FBAC-44DE-ACDE-E7EAE04EFD12}
	EndGlobalSection
EndGlobal
